
Microsoft Visual Studio Solution File, Format Version 12.00
# Visual Studio 14
VisualStudioVersion = 14.0.23107.0
MinimumVisualStudioVersion = 10.0.40219.1
Project("{F184B08F-C81C-45F6-A57F-5ABD9991F28F}") = "DCExec", "DCExec\DCExec.vbproj", "{D079FFB2-D789-434B-ADE5-9525D5C9539F}"
EndProject
Global
	GlobalSection(SolutionConfigurationPlatforms) = preSolution
		Debug|Any CPU = Debug|Any CPU
		Release|Any CPU = Release|Any CPU
	EndGlobalSection
	GlobalSection(ProjectConfigurationPlatforms) = postSolution
		{D079FFB2-D789-434B-ADE5-9525D5C9539F}.Debug|Any CPU.ActiveCfg = Debug|Any CPU
		{D079FFB2-D789-434B-ADE5-9525D5C9539F}.Debug|Any CPU.Build.0 = Debug|Any CPU
		{D079FFB2-D789-434B-ADE5-9525D5C9539F}.Release|Any CPU.ActiveCfg = Release|Any CPU
		{D079FFB2-D789-434B-ADE5-9525D5C9539F}.Release|Any CPU.Build.0 = Release|Any CPU
	EndGlobalSection
	GlobalSection(SolutionProperties) = preSolution
		HideSolutionNode = FALSE
	EndGlobalSection
EndGlobal
